
Microsoft Visual Studio Solution File, Format Version 12.00
# Visual Studio 2012
Project("{FAE04EC0-301F-11D3-BF4B-00C04F79EFBC}") = "etymology", "etymology\etymology.csproj", "{F9A6D698-2A1C-4E87-8AE7-64FF52F2B002}"
EndProject
Global
	GlobalSection(SolutionConfigurationPlatforms) = preSolution
		Debug|Any CPU = Debug|Any CPU
		Release|Any CPU = Release|Any CPU
	EndGlobalSection
	GlobalSection(ProjectConfigurationPlatforms) = postSolution
		{F9A6D698-2A1C-4E87-8AE7-64FF52F2B002}.Debug|Any CPU.ActiveCfg = Debug|Any CPU
		{F9A6D698-2A1C-4E87-8AE7-64FF52F2B002}.Debug|Any CPU.Build.0 = Debug|Any CPU
		{F9A6D698-2A1C-4E87-8AE7-64FF52F2B002}.Release|Any CPU.ActiveCfg = Release|Any CPU
		{F9A6D698-2A1C-4E87-8AE7-64FF52F2B002}.Release|Any CPU.Build.0 = Release|Any CPU
	EndGlobalSection
EndGlobal
